{
  "requires": true,
  "lockfileVersion": 1,
  "dependencies": {
    "ngx-bootstrap": {
      "version": "6.1.0",
      "resolved": "https://registry.npmjs.org/ngx-bootstrap/-/ngx-bootstrap-6.1.0.tgz",
      "integrity": "sha512-IDHPO3WE7YYhLZ7jnrH1wmMORhthoyHn6Gbl27FvXksG0OlTm5x8CyK5+EQfnDfxBEElju8n4Tfb8ga3aJYFTA=="
    },
    "ngx-mask": {
      "version": "11.1.2",
      "resolved": "https://registry.npmjs.org/ngx-mask/-/ngx-mask-11.1.2.tgz",
      "integrity": "sha512-NUqYuajBC3aVJm52CaEnhwfT44S1KJL/m14KJg2RzkblKU8yGwKQEPTDwnCDRUrRf7VIDRcHhUlzVE3mcp1hVQ==",
      "requires": {
        "tslib": "^2.0.0"
      }
    },
    "tslib": {
      "version": "2.0.3",
      "resolved": "https://registry.npmjs.org/tslib/-/tslib-2.0.3.tgz",
      "integrity": "sha512-uZtkfKblCEQtZKBF6EBXVZeQNl82yqtDQdv+eck8u7tdPxjLu2/lp5/uPW+um2tpuxINHWy3GhiccY7QgEaVHQ=="
    }
  }
}
